
Microsoft Visual Studio Solution File, Format Version 12.00
# Visual Studio 2012
Project("{FAE04EC0-301F-11D3-BF4B-00C04F79EFBC}") = "Kinect.Replay", "Kinect.Replay\Kinect.Replay.csproj", "{7CE86894-45DA-4ED7-BC9D-0D073C0E481B}"
EndProject
Project("{FAE04EC0-301F-11D3-BF4B-00C04F79EFBC}") = "Kinect.Recorder", "Kinect.Recorder\Kinect.Recorder.csproj", "{313D5341-A967-4347-AD9A-19FA58412A83}"
EndProject
Global
	GlobalSection(SolutionConfigurationPlatforms) = preSolution
		Debug|Any CPU = Debug|Any CPU
		Release|Any CPU = Release|Any CPU
	EndGlobalSection
	GlobalSection(ProjectConfigurationPlatforms) = postSolution
		{7CE86894-45DA-4ED7-BC9D-0D073C0E481B}.Debug|Any CPU.ActiveCfg = Debug|Any CPU
		{7CE86894-45DA-4ED7-BC9D-0D073C0E481B}.Debug|Any CPU.Build.0 = Debug|Any CPU
		{7CE86894-45DA-4ED7-BC9D-0D073C0E481B}.Release|Any CPU.ActiveCfg = Release|Any CPU
		{7CE86894-45DA-4ED7-BC9D-0D073C0E481B}.Release|Any CPU.Build.0 = Release|Any CPU
		{313D5341-A967-4347-AD9A-19FA58412A83}.Debug|Any CPU.ActiveCfg = Debug|Any CPU
		{313D5341-A967-4347-AD9A-19FA58412A83}.Debug|Any CPU.Build.0 = Debug|Any CPU
		{313D5341-A967-4347-AD9A-19FA58412A83}.Release|Any CPU.ActiveCfg = Release|Any CPU
		{313D5341-A967-4347-AD9A-19FA58412A83}.Release|Any CPU.Build.0 = Release|Any CPU
	EndGlobalSection
	GlobalSection(SolutionProperties) = preSolution
		HideSolutionNode = FALSE
	EndGlobalSection
EndGlobal
